// !$*UTF8*$!
{
	archiveVersion = 1;
	classes = {
	};
	objectVersion = 48;
	objects = {

/* Begin PBXBuildFile section */
		05283C881FD66A2600DCEFC7 /* RegisterViewController.swift in Sources */ = {isa = PBXBuildFile; fileRef = 05283C871FD66A2600DCEFC7 /* RegisterViewController.swift */; };
		05283C8A1FD6719100DCEFC7 /* DesignableTextField.swift in Sources */ = {isa = PBXBuildFile; fileRef = 05283C891FD6719100DCEFC7 /* DesignableTextField.swift */; };
		05283C8E1FD6897900DCEFC7 /* LoginViewController.swift in Sources */ = {isa = PBXBuildFile; fileRef = 05283C8D1FD6897900DCEFC7 /* LoginViewController.swift */; };
		05DE61BF1FD7927A0041E059 /* GoogleService-Info.plist in Resources */ = {isa = PBXBuildFile; fileRef = 05DE61BE1FD7927A0041E059 /* GoogleService-Info.plist */; };
		05DE61C11FD7B0790041E059 /* ChatViewController.swift in Sources */ = {isa = PBXBuildFile; fileRef = 05DE61C01FD7B0790041E059 /* ChatViewController.swift */; };
		05DE61C31FD7B2340041E059 /* messageDetailTableViewCell.swift in Sources */ = {isa = PBXBuildFile; fileRef = 05DE61C21FD7B2340041E059 /* messageDetailTableViewCell.swift */; };
		05DE61C51FD7B2E90041E059 /* MessageDetail.swift in Sources */ = {isa = PBXBuildFile; fileRef = 05DE61C41FD7B2E90041E059 /* MessageDetail.swift */; };
		9C0A4BC67927033C6F969CF7 /* Pods_FoodTime.framework in Frameworks */ = {isa = PBXBuildFile; fileRef = D1CE46DE2C7E7F00C868B825 /* Pods_FoodTime.framework */; };
		F31225901FCE9889005E8CA0 /* NavigationBarViewController.swift in Sources */ = {isa = PBXBuildFile; fileRef = F312258F1FCE9889005E8CA0 /* NavigationBarViewController.swift */; };
		F324D5F21FCEB8F00093172F /* LoginController.swift in Sources */ = {isa = PBXBuildFile; fileRef = F324D5F11FCEB8F00093172F /* LoginController.swift */; };
		F324D6311FD52EE80093172F /* MyListViewController.swift in Sources */ = {isa = PBXBuildFile; fileRef = F324D6301FD52EE80093172F /* MyListViewController.swift */; };
		F324D6331FD52F120093172F /* Item.swift in Sources */ = {isa = PBXBuildFile; fileRef = F324D6321FD52F120093172F /* Item.swift */; };
		F324D6351FD52F340093172F /* User.swift in Sources */ = {isa = PBXBuildFile; fileRef = F324D6341FD52F340093172F /* User.swift */; };
		F324D6371FD52F680093172F /* HomeTableViewCell.swift in Sources */ = {isa = PBXBuildFile; fileRef = F324D6361FD52F680093172F /* HomeTableViewCell.swift */; };
		F324D63A1FD53B0F0093172F /* DetailDiscoverViewController.swift in Sources */ = {isa = PBXBuildFile; fileRef = F324D6391FD53B0F0093172F /* DetailDiscoverViewController.swift */; };
		F324D63C1FD53B590093172F /* DiscoverViewController.swift in Sources */ = {isa = PBXBuildFile; fileRef = F324D63B1FD53B590093172F /* DiscoverViewController.swift */; };
		F324D63E1FD53B8C0093172F /* DiscoverCollectionViewCell.swift in Sources */ = {isa = PBXBuildFile; fileRef = F324D63D1FD53B8C0093172F /* DiscoverCollectionViewCell.swift */; };
		F324D6411FD54F920093172F /* ProfileViewController.swift in Sources */ = {isa = PBXBuildFile; fileRef = F324D6401FD54F920093172F /* ProfileViewController.swift */; };
		F3720B501FD64990008E9CF3 /* AddFormViewController.swift in Sources */ = {isa = PBXBuildFile; fileRef = F3720B4F1FD64990008E9CF3 /* AddFormViewController.swift */; };
		F3BFC2951FCD339E00062C00 /* AppDelegate.swift in Sources */ = {isa = PBXBuildFile; fileRef = F3BFC2941FCD339E00062C00 /* AppDelegate.swift */; };
		F3BFC2971FCD339E00062C00 /* ViewController.swift in Sources */ = {isa = PBXBuildFile; fileRef = F3BFC2961FCD339E00062C00 /* ViewController.swift */; };
		F3BFC29A1FCD339E00062C00 /* Main.storyboard in Resources */ = {isa = PBXBuildFile; fileRef = F3BFC2981FCD339E00062C00 /* Main.storyboard */; };
		F3BFC29D1FCD339E00062C00 /* FoodTime.xcdatamodeld in Sources */ = {isa = PBXBuildFile; fileRef = F3BFC29B1FCD339E00062C00 /* FoodTime.xcdatamodeld */; };
		F3BFC29F1FCD339E00062C00 /* Assets.xcassets in Resources */ = {isa = PBXBuildFile; fileRef = F3BFC29E1FCD339E00062C00 /* Assets.xcassets */; };
		F3BFC2A21FCD339E00062C00 /* LaunchScreen.storyboard in Resources */ = {isa = PBXBuildFile; fileRef = F3BFC2A01FCD339E00062C00 /* LaunchScreen.storyboard */; };
/* End PBXBuildFile section */

/* Begin PBXFileReference section */
		05283C871FD66A2600DCEFC7 /* RegisterViewController.swift */ = {isa = PBXFileReference; lastKnownFileType = sourcecode.swift; path = RegisterViewController.swift; sourceTree = "<group>"; };
		05283C891FD6719100DCEFC7 /* DesignableTextField.swift */ = {isa = PBXFileReference; lastKnownFileType = sourcecode.swift; path = DesignableTextField.swift; sourceTree = "<group>"; };
		05283C8D1FD6897900DCEFC7 /* LoginViewController.swift */ = {isa = PBXFileReference; lastKnownFileType = sourcecode.swift; path = LoginViewController.swift; sourceTree = "<group>"; };
		05DE61BE1FD7927A0041E059 /* GoogleService-Info.plist */ = {isa = PBXFileReference; fileEncoding = 4; lastKnownFileType = text.plist.xml; path = "GoogleService-Info.plist"; sourceTree = "<group>"; };
		05DE61C01FD7B0790041E059 /* ChatViewController.swift */ = {isa = PBXFileReference; lastKnownFileType = sourcecode.swift; path = ChatViewController.swift; sourceTree = "<group>"; };
		05DE61C21FD7B2340041E059 /* messageDetailTableViewCell.swift */ = {isa = PBXFileReference; lastKnownFileType = sourcecode.swift; path = messageDetailTableViewCell.swift; sourceTree = "<group>"; };
		05DE61C41FD7B2E90041E059 /* MessageDetail.swift */ = {isa = PBXFileReference; lastKnownFileType = sourcecode.swift; path = MessageDetail.swift; sourceTree = "<group>"; };
		171E8F86690C14E314CDA982 /* Pods-FoodTime.debug.xcconfig */ = {isa = PBXFileReference; includeInIndex = 1; lastKnownFileType = text.xcconfig; name = "Pods-FoodTime.debug.xcconfig"; path = "Pods/Target Support Files/Pods-FoodTime/Pods-FoodTime.debug.xcconfig"; sourceTree = "<group>"; };
		63E6C276B000C8814DC584D6 /* Pods-FoodTime.release.xcconfig */ = {isa = PBXFileReference; includeInIndex = 1; lastKnownFileType = text.xcconfig; name = "Pods-FoodTime.release.xcconfig"; path = "Pods/Target Support Files/Pods-FoodTime/Pods-FoodTime.release.xcconfig"; sourceTree = "<group>"; };
		D1CE46DE2C7E7F00C868B825 /* Pods_FoodTime.framework */ = {isa = PBXFileReference; explicitFileType = wrapper.framework; includeInIndex = 0; path = Pods_FoodTime.framework; sourceTree = BUILT_PRODUCTS_DIR; };
		F312258F1FCE9889005E8CA0 /* NavigationBarViewController.swift */ = {isa = PBXFileReference; lastKnownFileType = sourcecode.swift; path = NavigationBarViewController.swift; sourceTree = "<group>"; };
		F324D5F11FCEB8F00093172F /* LoginController.swift */ = {isa = PBXFileReference; lastKnownFileType = sourcecode.swift; path = LoginController.swift; sourceTree = "<group>"; };
		F324D6301FD52EE80093172F /* MyListViewController.swift */ = {isa = PBXFileReference; lastKnownFileType = sourcecode.swift; path = MyListViewController.swift; sourceTree = "<group>"; };
		F324D6321FD52F120093172F /* Item.swift */ = {isa = PBXFileReference; lastKnownFileType = sourcecode.swift; path = Item.swift; sourceTree = "<group>"; };
		F324D6341FD52F340093172F /* User.swift */ = {isa = PBXFileReference; lastKnownFileType = sourcecode.swift; path = User.swift; sourceTree = "<group>"; };
		F324D6361FD52F680093172F /* HomeTableViewCell.swift */ = {isa = PBXFileReference; lastKnownFileType = sourcecode.swift; path = HomeTableViewCell.swift; sourceTree = "<group>"; };
		F324D6391FD53B0F0093172F /* DetailDiscoverViewController.swift */ = {isa = PBXFileReference; lastKnownFileType = sourcecode.swift; path = DetailDiscoverViewController.swift; sourceTree = "<group>"; };
		F324D63B1FD53B590093172F /* DiscoverViewController.swift */ = {isa = PBXFileReference; lastKnownFileType = sourcecode.swift; path = DiscoverViewController.swift; sourceTree = "<group>"; };
		F324D63D1FD53B8C0093172F /* DiscoverCollectionViewCell.swift */ = {isa = PBXFileReference; lastKnownFileType = sourcecode.swift; path = DiscoverCollectionViewCell.swift; sourceTree = "<group>"; };
		F324D6401FD54F920093172F /* ProfileViewController.swift */ = {isa = PBXFileReference; lastKnownFileType = sourcecode.swift; path = ProfileViewController.swift; sourceTree = "<group>"; };
		F3720B4F1FD64990008E9CF3 /* AddFormViewController.swift */ = {isa = PBXFileReference; lastKnownFileType = sourcecode.swift; path = AddFormViewController.swift; sourceTree = "<group>"; };
		F3BFC2911FCD339E00062C00 /* FoodTime.app */ = {isa = PBXFileReference; explicitFileType = wrapper.application; includeInIndex = 0; path = FoodTime.app; sourceTree = BUILT_PRODUCTS_DIR; };
		F3BFC2941FCD339E00062C00 /* AppDelegate.swift */ = {isa = PBXFileReference; lastKnownFileType = sourcecode.swift; path = AppDelegate.swift; sourceTree = "<group>"; };
		F3BFC2961FCD339E00062C00 /* ViewController.swift */ = {isa = PBXFileReference; lastKnownFileType = sourcecode.swift; path = ViewController.swift; sourceTree = "<group>"; };
		F3BFC2991FCD339E00062C00 /* Base */ = {isa = PBXFileReference; lastKnownFileType = file.storyboard; name = Base; path = Base.lproj/Main.storyboard; sourceTree = "<group>"; };
		F3BFC29C1FCD339E00062C00 /* FoodTime.xcdatamodel */ = {isa = PBXFileReference; lastKnownFileType = wrapper.xcdatamodel; path = FoodTime.xcdatamodel; sourceTree = "<group>"; };
		F3BFC29E1FCD339E00062C00 /* Assets.xcassets */ = {isa = PBXFileReference; lastKnownFileType = folder.assetcatalog; path = Assets.xcassets; sourceTree = "<group>"; };
		F3BFC2A11FCD339E00062C00 /* Base */ = {isa = PBXFileReference; lastKnownFileType = file.storyboard; name = Base; path = Base.lproj/LaunchScreen.storyboard; sourceTree = "<group>"; };
		F3BFC2A31FCD339E00062C00 /* Info.plist */ = {isa = PBXFileReference; lastKnownFileType = text.plist.xml; path = Info.plist; sourceTree = "<group>"; };
/* End PBXFileReference section */

/* Begin PBXFrameworksBuildPhase section */
		F3BFC28E1FCD339E00062C00 /* Frameworks */ = {
			isa = PBXFrameworksBuildPhase;
			buildActionMask = 2147483647;
			files = (
				9C0A4BC67927033C6F969CF7 /* Pods_FoodTime.framework in Frameworks */,
			);
			runOnlyForDeploymentPostprocessing = 0;
		};
/* End PBXFrameworksBuildPhase section */

/* Begin PBXGroup section */
		97A0F7106F5D6846FE0986EE /* Frameworks */ = {
			isa = PBXGroup;
			children = (
				D1CE46DE2C7E7F00C868B825 /* Pods_FoodTime.framework */,
			);
			name = Frameworks;
			sourceTree = "<group>";
		};
		D53193D8716D2E4DA4B70559 /* Pods */ = {
			isa = PBXGroup;
			children = (
				171E8F86690C14E314CDA982 /* Pods-FoodTime.debug.xcconfig */,
				63E6C276B000C8814DC584D6 /* Pods-FoodTime.release.xcconfig */,
			);
			name = Pods;
			sourceTree = "<group>";
		};
		F312258E1FCE92C9005E8CA0 /* Message */ = {
			isa = PBXGroup;
			children = (
			);
			path = Message;
			sourceTree = "<group>";
		};
		F324D5F01FCEB8DD0093172F /* Login */ = {
			isa = PBXGroup;
			children = (
				F324D5F11FCEB8F00093172F /* LoginController.swift */,
			);
			path = Login;
			sourceTree = "<group>";
		};
		F324D62F1FD52EAC0093172F /* MyList */ = {
			isa = PBXGroup;
			children = (
				F324D6301FD52EE80093172F /* MyListViewController.swift */,
				F324D6321FD52F120093172F /* Item.swift */,
				F324D6341FD52F340093172F /* User.swift */,
				F324D6361FD52F680093172F /* HomeTableViewCell.swift */,
			);
			path = MyList;
			sourceTree = "<group>";
		};
		F324D6381FD53AA40093172F /* Discover */ = {
			isa = PBXGroup;
			children = (
				F324D6391FD53B0F0093172F /* DetailDiscoverViewController.swift */,
				F324D63B1FD53B590093172F /* DiscoverViewController.swift */,
				F324D63D1FD53B8C0093172F /* DiscoverCollectionViewCell.swift */,
			);
			path = Discover;
			sourceTree = "<group>";
		};
		F324D63F1FD548A50093172F /* Profile */ = {
			isa = PBXGroup;
			children = (
				F324D6401FD54F920093172F /* ProfileViewController.swift */,
			);
			path = Profile;
			sourceTree = "<group>";
		};
		F3720B4E1FD64973008E9CF3 /* Add Item */ = {
			isa = PBXGroup;
			children = (
				F3720B4F1FD64990008E9CF3 /* AddFormViewController.swift */,
			);
			path = "Add Item";
			sourceTree = "<group>";
		};
		F3BFC2881FCD339E00062C00 = {
			isa = PBXGroup;
			children = (
				F3BFC2931FCD339E00062C00 /* FoodTime */,
				F3BFC2921FCD339E00062C00 /* Products */,
				D53193D8716D2E4DA4B70559 /* Pods */,
				97A0F7106F5D6846FE0986EE /* Frameworks */,
			);
			sourceTree = "<group>";
		};
		F3BFC2921FCD339E00062C00 /* Products */ = {
			isa = PBXGroup;
			children = (
				F3BFC2911FCD339E00062C00 /* FoodTime.app */,
			);
			name = Products;
			sourceTree = "<group>";
		};
		F3BFC2931FCD339E00062C00 /* FoodTime */ = {
			isa = PBXGroup;
			children = (
				F3720B4E1FD64973008E9CF3 /* Add Item */,
				F324D63F1FD548A50093172F /* Profile */,
				F324D6381FD53AA40093172F /* Discover */,
				F324D62F1FD52EAC0093172F /* MyList */,
				F324D5F01FCEB8DD0093172F /* Login */,
				F312258E1FCE92C9005E8CA0 /* Message */,
				F3BFC2941FCD339E00062C00 /* AppDelegate.swift */,
				F3BFC2961FCD339E00062C00 /* ViewController.swift */,
				F312258F1FCE9889005E8CA0 /* NavigationBarViewController.swift */,
				05283C8D1FD6897900DCEFC7 /* LoginViewController.swift */,
				F3BFC2981FCD339E00062C00 /* Main.storyboard */,
				05DE61C21FD7B2340041E059 /* messageDetailTableViewCell.swift */,
				05DE61C41FD7B2E90041E059 /* MessageDetail.swift */,
				05DE61C01FD7B0790041E059 /* ChatViewController.swift */,
				05283C891FD6719100DCEFC7 /* DesignableTextField.swift */,
				05283C871FD66A2600DCEFC7 /* RegisterViewController.swift */,
				F3BFC29E1FCD339E00062C00 /* Assets.xcassets */,
				F3BFC2A01FCD339E00062C00 /* LaunchScreen.storyboard */,
				F3BFC2A31FCD339E00062C00 /* Info.plist */,
				F3BFC29B1FCD339E00062C00 /* FoodTime.xcdatamodeld */,
				05DE61BE1FD7927A0041E059 /* GoogleService-Info.plist */,
			);
			path = FoodTime;
			sourceTree = "<group>";
		};
/* End PBXGroup section */

/* Begin PBXNativeTarget section */
		F3BFC2901FCD339E00062C00 /* FoodTime */ = {
			isa = PBXNativeTarget;
			buildConfigurationList = F3BFC2A61FCD339E00062C00 /* Build configuration list for PBXNativeTarget "FoodTime" */;
			buildPhases = (
				CEF1B98EB43495CA11570459 /* [CP] Check Pods Manifest.lock */,
				F3BFC28D1FCD339E00062C00 /* Sources */,
				F3BFC28E1FCD339E00062C00 /* Frameworks */,
				F3BFC28F1FCD339E00062C00 /* Resources */,
				9732F5EE9B868B82E150BABF /* [CP] Embed Pods Frameworks */,
				3AF70175C5E9AFE84F2FEF64 /* [CP] Copy Pods Resources */,
			);
			buildRules = (
			);
			dependencies = (
			);
			name = FoodTime;
			productName = FoodTime;
			productReference = F3BFC2911FCD339E00062C00 /* FoodTime.app */;
			productType = "com.apple.product-type.application";
		};
/* End PBXNativeTarget section */

/* Begin PBXProject section */
		F3BFC2891FCD339E00062C00 /* Project object */ = {
			isa = PBXProject;
			attributes = {
				LastSwiftUpdateCheck = 0910;
				LastUpgradeCheck = 0910;
				ORGANIZATIONNAME = binus;
				TargetAttributes = {
					F3BFC2901FCD339E00062C00 = {
						CreatedOnToolsVersion = 9.1;
						ProvisioningStyle = Automatic;
					};
				};
			};
			buildConfigurationList = F3BFC28C1FCD339E00062C00 /* Build configuration list for PBXProject "FoodTime" */;
			compatibilityVersion = "Xcode 8.0";
			developmentRegion = en;
			hasScannedForEncodings = 0;
			knownRegions = (
				en,
				Base,
			);
			mainGroup = F3BFC2881FCD339E00062C00;
			productRefGroup = F3BFC2921FCD339E00062C00 /* Products */;
			projectDirPath = "";
			projectRoot = "";
			targets = (
				F3BFC2901FCD339E00062C00 /* FoodTime */,
			);
		};
/* End PBXProject section */

/* Begin PBXResourcesBuildPhase section */
		F3BFC28F1FCD339E00062C00 /* Resources */ = {
			isa = PBXResourcesBuildPhase;
			buildActionMask = 2147483647;
			files = (
				F3BFC2A21FCD339E00062C00 /* LaunchScreen.storyboard in Resources */,
				05DE61BF1FD7927A0041E059 /* GoogleService-Info.plist in Resources */,
				F3BFC29F1FCD339E00062C00 /* Assets.xcassets in Resources */,
				F3BFC29A1FCD339E00062C00 /* Main.storyboard in Resources */,
			);
			runOnlyForDeploymentPostprocessing = 0;
		};
/* End PBXResourcesBuildPhase section */

/* Begin PBXShellScriptBuildPhase section */
		3AF70175C5E9AFE84F2FEF64 /* [CP] Copy Pods Resources */ = {
			isa = PBXShellScriptBuildPhase;
			buildActionMask = 2147483647;
			files = (
			);
			inputPaths = (
			);
			name = "[CP] Copy Pods Resources";
			outputPaths = (
			);
			runOnlyForDeploymentPostprocessing = 0;
			shellPath = /bin/sh;
			shellScript = "\"${SRCROOT}/Pods/Target Support Files/Pods-FoodTime/Pods-FoodTime-resources.sh\"\n";
			showEnvVarsInLog = 0;
		};
		9732F5EE9B868B82E150BABF /* [CP] Embed Pods Frameworks */ = {
			isa = PBXShellScriptBuildPhase;
			buildActionMask = 2147483647;
			files = (
			);
			inputPaths = (
			);
			name = "[CP] Embed Pods Frameworks";
			outputPaths = (
			);
			runOnlyForDeploymentPostprocessing = 0;
			shellPath = /bin/sh;
			shellScript = "\"${SRCROOT}/Pods/Target Support Files/Pods-FoodTime/Pods-FoodTime-frameworks.sh\"\n";
			showEnvVarsInLog = 0;
		};
		CEF1B98EB43495CA11570459 /* [CP] Check Pods Manifest.lock */ = {
			isa = PBXShellScriptBuildPhase;
			buildActionMask = 2147483647;
			files = (
			);
			inputPaths = (
			);
			name = "[CP] Check Pods Manifest.lock";
			outputPaths = (
			);
			runOnlyForDeploymentPostprocessing = 0;
			shellPath = /bin/sh;
			shellScript = "diff \"${PODS_ROOT}/../Podfile.lock\" \"${PODS_ROOT}/Manifest.lock\" > /dev/null\nif [ $? != 0 ] ; then\n    # print error to STDERR\n    echo \"error: The sandbox is not in sync with the Podfile.lock. Run 'pod install' or update your CocoaPods installation.\" >&2\n    exit 1\nfi\n";
			showEnvVarsInLog = 0;
		};
/* End PBXShellScriptBuildPhase section */

/* Begin PBXSourcesBuildPhase section */
		F3BFC28D1FCD339E00062C00 /* Sources */ = {
			isa = PBXSourcesBuildPhase;
			buildActionMask = 2147483647;
			files = (
				F3720B501FD64990008E9CF3 /* AddFormViewController.swift in Sources */,
				F324D63A1FD53B0F0093172F /* DetailDiscoverViewController.swift in Sources */,
				F3BFC29D1FCD339E00062C00 /* FoodTime.xcdatamodeld in Sources */,
				F3BFC2971FCD339E00062C00 /* ViewController.swift in Sources */,
				F324D6311FD52EE80093172F /* MyListViewController.swift in Sources */,
				F3BFC2951FCD339E00062C00 /* AppDelegate.swift in Sources */,
				05283C881FD66A2600DCEFC7 /* RegisterViewController.swift in Sources */,
				F324D6331FD52F120093172F /* Item.swift in Sources */,
				F324D63E1FD53B8C0093172F /* DiscoverCollectionViewCell.swift in Sources */,
				F324D6351FD52F340093172F /* User.swift in Sources */,
				05DE61C51FD7B2E90041E059 /* MessageDetail.swift in Sources */,
				F324D6371FD52F680093172F /* HomeTableViewCell.swift in Sources */,
				05283C8A1FD6719100DCEFC7 /* DesignableTextField.swift in Sources */,
				F324D63C1FD53B590093172F /* DiscoverViewController.swift in Sources */,
				05283C8E1FD6897900DCEFC7 /* LoginViewController.swift in Sources */,
				F324D6411FD54F920093172F /* ProfileViewController.swift in Sources */,
				05DE61C31FD7B2340041E059 /* messageDetailTableViewCell.swift in Sources */,
				F31225901FCE9889005E8CA0 /* NavigationBarViewController.swift in Sources */,
				05DE61C11FD7B0790041E059 /* ChatViewController.swift in Sources */,
				F324D5F21FCEB8F00093172F /* LoginController.swift in Sources */,
			);
			runOnlyForDeploymentPostprocessing = 0;
		};
/* End PBXSourcesBuildPhase section */

/* Begin PBXVariantGroup section */
		F3BFC2981FCD339E00062C00 /* Main.storyboard */ = {
			isa = PBXVariantGroup;
			children = (
				F3BFC2991FCD339E00062C00 /* Base */,
			);
			name = Main.storyboard;
			sourceTree = "<group>";
		};
		F3BFC2A01FCD339E00062C00 /* LaunchScreen.storyboard */ = {
			isa = PBXVariantGroup;
			children = (
				F3BFC2A11FCD339E00062C00 /* Base */,
			);
			name = LaunchScreen.storyboard;
			sourceTree = "<group>";
		};
/* End PBXVariantGroup section */

/* Begin XCBuildConfiguration section */
		F3BFC2A41FCD339E00062C00 /* Debug */ = {
			isa = XCBuildConfiguration;
			buildSettings = {
				ALWAYS_SEARCH_USER_PATHS = NO;
				CLANG_ANALYZER_NONNULL = YES;
				CLANG_ANALYZER_NUMBER_OBJECT_CONVERSION = YES_AGGRESSIVE;
				CLANG_CXX_LANGUAGE_STANDARD = "gnu++14";
				CLANG_CXX_LIBRARY = "libc++";
				CLANG_ENABLE_MODULES = YES;
				CLANG_ENABLE_OBJC_ARC = YES;
				CLANG_WARN_BLOCK_CAPTURE_AUTORELEASING = YES;
				CLANG_WARN_BOOL_CONVERSION = YES;
				CLANG_WARN_COMMA = YES;
				CLANG_WARN_CONSTANT_CONVERSION = YES;
				CLANG_WARN_DIRECT_OBJC_ISA_USAGE = YES_ERROR;
				CLANG_WARN_DOCUMENTATION_COMMENTS = YES;
				CLANG_WARN_EMPTY_BODY = YES;
				CLANG_WARN_ENUM_CONVERSION = YES;
				CLANG_WARN_INFINITE_RECURSION = YES;
				CLANG_WARN_INT_CONVERSION = YES;
				CLANG_WARN_NON_LITERAL_NULL_CONVERSION = YES;
				CLANG_WARN_OBJC_LITERAL_CONVERSION = YES;
				CLANG_WARN_OBJC_ROOT_CLASS = YES_ERROR;
				CLANG_WARN_RANGE_LOOP_ANALYSIS = YES;
				CLANG_WARN_STRICT_PROTOTYPES = YES;
				CLANG_WARN_SUSPICIOUS_MOVE = YES;
				CLANG_WARN_UNGUARDED_AVAILABILITY = YES_AGGRESSIVE;
				CLANG_WARN_UNREACHABLE_CODE = YES;
				CLANG_WARN__DUPLICATE_METHOD_MATCH = YES;
				CODE_SIGN_IDENTITY = "iPhone Developer";
				COPY_PHASE_STRIP = NO;
				DEBUG_INFORMATION_FORMAT = dwarf;
				ENABLE_STRICT_OBJC_MSGSEND = YES;
				ENABLE_TESTABILITY = YES;
				GCC_C_LANGUAGE_STANDARD = gnu11;
				GCC_DYNAMIC_NO_PIC = NO;
				GCC_NO_COMMON_BLOCKS = YES;
				GCC_OPTIMIZATION_LEVEL = 0;
				GCC_PREPROCESSOR_DEFINITIONS = (
					"DEBUG=1",
					"$(inherited)",
				);
				GCC_WARN_64_TO_32_BIT_CONVERSION = YES;
				GCC_WARN_ABOUT_RETURN_TYPE = YES_ERROR;
				GCC_WARN_UNDECLARED_SELECTOR = YES;
				GCC_WARN_UNINITIALIZED_AUTOS = YES_AGGRESSIVE;
				GCC_WARN_UNUSED_FUNCTION = YES;
				GCC_WARN_UNUSED_VARIABLE = YES;
				IPHONEOS_DEPLOYMENT_TARGET = 11.1;
				MTL_ENABLE_DEBUG_INFO = YES;
				ONLY_ACTIVE_ARCH = YES;
				SDKROOT = iphoneos;
				SWIFT_ACTIVE_COMPILATION_CONDITIONS = DEBUG;
				SWIFT_OPTIMIZATION_LEVEL = "-Onone";
			};
			name = Debug;
		};
		F3BFC2A51FCD339E00062C00 /* Release */ = {
			isa = XCBuildConfiguration;
			buildSettings = {
				ALWAYS_SEARCH_USER_PATHS = NO;
				CLANG_ANALYZER_NONNULL = YES;
				CLANG_ANALYZER_NUMBER_OBJECT_CONVERSION = YES_AGGRESSIVE;
				CLANG_CXX_LANGUAGE_STANDARD = "gnu++14";
				CLANG_CXX_LIBRARY = "libc++";
				CLANG_ENABLE_MODULES = YES;
				CLANG_ENABLE_OBJC_ARC = YES;
				CLANG_WARN_BLOCK_CAPTURE_AUTORELEASING = YES;
				CLANG_WARN_BOOL_CONVERSION = YES;
				CLANG_WARN_COMMA = YES;
				CLANG_WARN_CONSTANT_CONVERSION = YES;
				CLANG_WARN_DIRECT_OBJC_ISA_USAGE = YES_ERROR;
				CLANG_WARN_DOCUMENTATION_COMMENTS = YES;
				CLANG_WARN_EMPTY_BODY = YES;
				CLANG_WARN_ENUM_CONVERSION = YES;
				CLANG_WARN_INFINITE_RECURSION = YES;
				CLANG_WARN_INT_CONVERSION = YES;
				CLANG_WARN_NON_LITERAL_NULL_CONVERSION = YES;
				CLANG_WARN_OBJC_LITERAL_CONVERSION = YES;
				CLANG_WARN_OBJC_ROOT_CLASS = YES_ERROR;
				CLANG_WARN_RANGE_LOOP_ANALYSIS = YES;
				CLANG_WARN_STRICT_PROTOTYPES = YES;
				CLANG_WARN_SUSPICIOUS_MOVE = YES;
				CLANG_WARN_UNGUARDED_AVAILABILITY = YES_AGGRESSIVE;
				CLANG_WARN_UNREACHABLE_CODE = YES;
				CLANG_WARN__DUPLICATE_METHOD_MATCH = YES;
				CODE_SIGN_IDENTITY = "iPhone Developer";
				COPY_PHASE_STRIP = NO;
				DEBUG_INFORMATION_FORMAT = "dwarf-with-dsym";
				ENABLE_NS_ASSERTIONS = NO;
				ENABLE_STRICT_OBJC_MSGSEND = YES;
				GCC_C_LANGUAGE_STANDARD = gnu11;
				GCC_NO_COMMON_BLOCKS = YES;
				GCC_WARN_64_TO_32_BIT_CONVERSION = YES;
				GCC_WARN_ABOUT_RETURN_TYPE = YES_ERROR;
				GCC_WARN_UNDECLARED_SELECTOR = YES;
				GCC_WARN_UNINITIALIZED_AUTOS = YES_AGGRESSIVE;
				GCC_WARN_UNUSED_FUNCTION = YES;
				GCC_WARN_UNUSED_VARIABLE = YES;
				IPHONEOS_DEPLOYMENT_TARGET = 11.1;
				MTL_ENABLE_DEBUG_INFO = NO;
				SDKROOT = iphoneos;
				SWIFT_OPTIMIZATION_LEVEL = "-Owholemodule";
				VALIDATE_PRODUCT = YES;
			};
			name = Release;
		};
		F3BFC2A71FCD339E00062C00 /* Debug */ = {
			isa = XCBuildConfiguration;
			baseConfigurationReference = 171E8F86690C14E314CDA982 /* Pods-FoodTime.debug.xcconfig */;
			buildSettings = {
				ASSETCATALOG_COMPILER_APPICON_NAME = AppIcon;
				CODE_SIGN_STYLE = Automatic;
				DEVELOPMENT_TEAM = "";
				INFOPLIST_FILE = FoodTime/Info.plist;
				LD_RUNPATH_SEARCH_PATHS = "$(inherited) @executable_path/Frameworks";
				PRODUCT_BUNDLE_IDENTIFIER = edu.binus.FoodTime;
				PRODUCT_NAME = "$(TARGET_NAME)";
				SWIFT_VERSION = 4.0;
				TARGETED_DEVICE_FAMILY = "1,2";
			};
			name = Debug;
		};
		F3BFC2A81FCD339E00062C00 /* Release */ = {
			isa = XCBuildConfiguration;
			baseConfigurationReference = 63E6C276B000C8814DC584D6 /* Pods-FoodTime.release.xcconfig */;
			buildSettings = {
				ASSETCATALOG_COMPILER_APPICON_NAME = AppIcon;
				CODE_SIGN_STYLE = Automatic;
				DEVELOPMENT_TEAM = "";
				INFOPLIST_FILE = FoodTime/Info.plist;
				LD_RUNPATH_SEARCH_PATHS = "$(inherited) @executable_path/Frameworks";
				PRODUCT_BUNDLE_IDENTIFIER = edu.binus.FoodTime;
				PRODUCT_NAME = "$(TARGET_NAME)";
				SWIFT_VERSION = 4.0;
				TARGETED_DEVICE_FAMILY = "1,2";
			};
			name = Release;
		};
/* End XCBuildConfiguration section */

/* Begin XCConfigurationList section */
		F3BFC28C1FCD339E00062C00 /* Build configuration list for PBXProject "FoodTime" */ = {
			isa = XCConfigurationList;
			buildConfigurations = (
				F3BFC2A41FCD339E00062C00 /* Debug */,
				F3BFC2A51FCD339E00062C00 /* Release */,
			);
			defaultConfigurationIsVisible = 0;
			defaultConfigurationName = Release;
		};
		F3BFC2A61FCD339E00062C00 /* Build configuration list for PBXNativeTarget "FoodTime" */ = {
			isa = XCConfigurationList;
			buildConfigurations = (
				F3BFC2A71FCD339E00062C00 /* Debug */,
				F3BFC2A81FCD339E00062C00 /* Release */,
			);
			defaultConfigurationIsVisible = 0;
			defaultConfigurationName = Release;
		};
/* End XCConfigurationList section */

/* Begin XCVersionGroup section */
		F3BFC29B1FCD339E00062C00 /* FoodTime.xcdatamodeld */ = {
			isa = XCVersionGroup;
			children = (
				F3BFC29C1FCD339E00062C00 /* FoodTime.xcdatamodel */,
			);
			currentVersion = F3BFC29C1FCD339E00062C00 /* FoodTime.xcdatamodel */;
			path = FoodTime.xcdatamodeld;
			sourceTree = "<group>";
			versionGroupType = wrapper.xcdatamodel;
		};
/* End XCVersionGroup section */
	};
	rootObject = F3BFC2891FCD339E00062C00 /* Project object */;
}
