// !$*UTF8*$!
{
	archiveVersion = 1;
	classes = {
	};
	objectVersion = 48;
	objects = {

/* Begin PBXBuildFile section */
		6B653FB71FD7A06D00501D13 /* CoreDataClass.swift in Sources */ = {isa = PBXBuildFile; fileRef = 6B653FB61FD7A06D00501D13 /* CoreDataClass.swift */; };
		F30B373D1FD6A2C800F94768 /* Share.swift in Sources */ = {isa = PBXBuildFile; fileRef = F30B373C1FD6A2C800F94768 /* Share.swift */; };
		F31225901FCE9889005E8CA0 /* NavigationBarViewController.swift in Sources */ = {isa = PBXBuildFile; fileRef = F312258F1FCE9889005E8CA0 /* NavigationBarViewController.swift */; };
		F324D5F21FCEB8F00093172F /* LoginController.swift in Sources */ = {isa = PBXBuildFile; fileRef = F324D5F11FCEB8F00093172F /* LoginController.swift */; };
		F324D6311FD52EE80093172F /* MyListViewController.swift in Sources */ = {isa = PBXBuildFile; fileRef = F324D6301FD52EE80093172F /* MyListViewController.swift */; };
		F324D6331FD52F120093172F /* Item.swift in Sources */ = {isa = PBXBuildFile; fileRef = F324D6321FD52F120093172F /* Item.swift */; };
		F324D6351FD52F340093172F /* User.swift in Sources */ = {isa = PBXBuildFile; fileRef = F324D6341FD52F340093172F /* User.swift */; };
		F324D6371FD52F680093172F /* HomeTableViewCell.swift in Sources */ = {isa = PBXBuildFile; fileRef = F324D6361FD52F680093172F /* HomeTableViewCell.swift */; };
		F324D63A1FD53B0F0093172F /* DetailDiscoverViewController.swift in Sources */ = {isa = PBXBuildFile; fileRef = F324D6391FD53B0F0093172F /* DetailDiscoverViewController.swift */; };
		F324D63C1FD53B590093172F /* DiscoverViewController.swift in Sources */ = {isa = PBXBuildFile; fileRef = F324D63B1FD53B590093172F /* DiscoverViewController.swift */; };
		F324D63E1FD53B8C0093172F /* DiscoverCollectionViewCell.swift in Sources */ = {isa = PBXBuildFile; fileRef = F324D63D1FD53B8C0093172F /* DiscoverCollectionViewCell.swift */; };
		F324D6411FD54F920093172F /* ProfileViewController.swift in Sources */ = {isa = PBXBuildFile; fileRef = F324D6401FD54F920093172F /* ProfileViewController.swift */; };
		F3720B501FD64990008E9CF3 /* AddFormViewController.swift in Sources */ = {isa = PBXBuildFile; fileRef = F3720B4F1FD64990008E9CF3 /* AddFormViewController.swift */; };
		F3BFC2951FCD339E00062C00 /* AppDelegate.swift in Sources */ = {isa = PBXBuildFile; fileRef = F3BFC2941FCD339E00062C00 /* AppDelegate.swift */; };
		F3BFC2971FCD339E00062C00 /* ViewController.swift in Sources */ = {isa = PBXBuildFile; fileRef = F3BFC2961FCD339E00062C00 /* ViewController.swift */; };
		F3BFC29A1FCD339E00062C00 /* Main.storyboard in Resources */ = {isa = PBXBuildFile; fileRef = F3BFC2981FCD339E00062C00 /* Main.storyboard */; };
		F3BFC29D1FCD339E00062C00 /* FoodTime.xcdatamodeld in Sources */ = {isa = PBXBuildFile; fileRef = F3BFC29B1FCD339E00062C00 /* FoodTime.xcdatamodeld */; };
		F3BFC29F1FCD339E00062C00 /* Assets.xcassets in Resources */ = {isa = PBXBuildFile; fileRef = F3BFC29E1FCD339E00062C00 /* Assets.xcassets */; };
		F3BFC2A21FCD339E00062C00 /* LaunchScreen.storyboard in Resources */ = {isa = PBXBuildFile; fileRef = F3BFC2A01FCD339E00062C00 /* LaunchScreen.storyboard */; };
/* End PBXBuildFile section */

/* Begin PBXFileReference section */
		6B653FB61FD7A06D00501D13 /* CoreDataClass.swift */ = {isa = PBXFileReference; lastKnownFileType = sourcecode.swift; path = CoreDataClass.swift; sourceTree = "<group>"; };
		F30B373C1FD6A2C800F94768 /* Share.swift */ = {isa = PBXFileReference; lastKnownFileType = sourcecode.swift; path = Share.swift; sourceTree = "<group>"; };
		F312258F1FCE9889005E8CA0 /* NavigationBarViewController.swift */ = {isa = PBXFileReference; lastKnownFileType = sourcecode.swift; path = NavigationBarViewController.swift; sourceTree = "<group>"; };
		F324D5F11FCEB8F00093172F /* LoginController.swift */ = {isa = PBXFileReference; lastKnownFileType = sourcecode.swift; path = LoginController.swift; sourceTree = "<group>"; };
		F324D6301FD52EE80093172F /* MyListViewController.swift */ = {isa = PBXFileReference; lastKnownFileType = sourcecode.swift; path = MyListViewController.swift; sourceTree = "<group>"; };
		F324D6321FD52F120093172F /* Item.swift */ = {isa = PBXFileReference; lastKnownFileType = sourcecode.swift; path = Item.swift; sourceTree = "<group>"; };
		F324D6341FD52F340093172F /* User.swift */ = {isa = PBXFileReference; lastKnownFileType = sourcecode.swift; path = User.swift; sourceTree = "<group>"; };
		F324D6361FD52F680093172F /* HomeTableViewCell.swift */ = {isa = PBXFileReference; lastKnownFileType = sourcecode.swift; path = HomeTableViewCell.swift; sourceTree = "<group>"; };
		F324D6391FD53B0F0093172F /* DetailDiscoverViewController.swift */ = {isa = PBXFileReference; lastKnownFileType = sourcecode.swift; path = DetailDiscoverViewController.swift; sourceTree = "<group>"; };
		F324D63B1FD53B590093172F /* DiscoverViewController.swift */ = {isa = PBXFileReference; lastKnownFileType = sourcecode.swift; path = DiscoverViewController.swift; sourceTree = "<group>"; };
		F324D63D1FD53B8C0093172F /* DiscoverCollectionViewCell.swift */ = {isa = PBXFileReference; lastKnownFileType = sourcecode.swift; path = DiscoverCollectionViewCell.swift; sourceTree = "<group>"; };
		F324D6401FD54F920093172F /* ProfileViewController.swift */ = {isa = PBXFileReference; lastKnownFileType = sourcecode.swift; path = ProfileViewController.swift; sourceTree = "<group>"; };
		F3720B4F1FD64990008E9CF3 /* AddFormViewController.swift */ = {isa = PBXFileReference; lastKnownFileType = sourcecode.swift; path = AddFormViewController.swift; sourceTree = "<group>"; };
		F3BFC2911FCD339E00062C00 /* FoodTime.app */ = {isa = PBXFileReference; explicitFileType = wrapper.application; includeInIndex = 0; path = FoodTime.app; sourceTree = BUILT_PRODUCTS_DIR; };
		F3BFC2941FCD339E00062C00 /* AppDelegate.swift */ = {isa = PBXFileReference; lastKnownFileType = sourcecode.swift; path = AppDelegate.swift; sourceTree = "<group>"; };
		F3BFC2961FCD339E00062C00 /* ViewController.swift */ = {isa = PBXFileReference; lastKnownFileType = sourcecode.swift; path = ViewController.swift; sourceTree = "<group>"; };
		F3BFC2991FCD339E00062C00 /* Base */ = {isa = PBXFileReference; lastKnownFileType = file.storyboard; name = Base; path = Base.lproj/Main.storyboard; sourceTree = "<group>"; };
		F3BFC29C1FCD339E00062C00 /* FoodTime.xcdatamodel */ = {isa = PBXFileReference; lastKnownFileType = wrapper.xcdatamodel; path = FoodTime.xcdatamodel; sourceTree = "<group>"; };
		F3BFC29E1FCD339E00062C00 /* Assets.xcassets */ = {isa = PBXFileReference; lastKnownFileType = folder.assetcatalog; path = Assets.xcassets; sourceTree = "<group>"; };
		F3BFC2A11FCD339E00062C00 /* Base */ = {isa = PBXFileReference; lastKnownFileType = file.storyboard; name = Base; path = Base.lproj/LaunchScreen.storyboard; sourceTree = "<group>"; };
		F3BFC2A31FCD339E00062C00 /* Info.plist */ = {isa = PBXFileReference; lastKnownFileType = text.plist.xml; path = Info.plist; sourceTree = "<group>"; };
/* End PBXFileReference section */

/* Begin PBXFrameworksBuildPhase section */
		F3BFC28E1FCD339E00062C00 /* Frameworks */ = {
			isa = PBXFrameworksBuildPhase;
			buildActionMask = 2147483647;
			files = (
			);
			runOnlyForDeploymentPostprocessing = 0;
		};
/* End PBXFrameworksBuildPhase section */

/* Begin PBXGroup section */
		6B653FB51FD7A03100501D13 /* Class */ = {
			isa = PBXGroup;
			children = (
				F324D6321FD52F120093172F /* Item.swift */,
				F30B373C1FD6A2C800F94768 /* Share.swift */,
				F324D6341FD52F340093172F /* User.swift */,
				6B653FB61FD7A06D00501D13 /* CoreDataClass.swift */,
			);
			name = Class;
			path = "New Group";
			sourceTree = "<group>";
		};
		F312258E1FCE92C9005E8CA0 /* Message */ = {
			isa = PBXGroup;
			children = (
			);
			path = Message;
			sourceTree = "<group>";
		};
		F324D5F01FCEB8DD0093172F /* Login */ = {
			isa = PBXGroup;
			children = (
				F324D5F11FCEB8F00093172F /* LoginController.swift */,
			);
			path = Login;
			sourceTree = "<group>";
		};
		F324D62F1FD52EAC0093172F /* MyList */ = {
			isa = PBXGroup;
			children = (
				F324D6301FD52EE80093172F /* MyListViewController.swift */,
				F324D6361FD52F680093172F /* HomeTableViewCell.swift */,
			);
			path = MyList;
			sourceTree = "<group>";
		};
		F324D6381FD53AA40093172F /* Discover */ = {
			isa = PBXGroup;
			children = (
				F324D6391FD53B0F0093172F /* DetailDiscoverViewController.swift */,
				F324D63B1FD53B590093172F /* DiscoverViewController.swift */,
				F324D63D1FD53B8C0093172F /* DiscoverCollectionViewCell.swift */,
			);
			path = Discover;
			sourceTree = "<group>";
		};
		F324D63F1FD548A50093172F /* Profile */ = {
			isa = PBXGroup;
			children = (
				F324D6401FD54F920093172F /* ProfileViewController.swift */,
			);
			path = Profile;
			sourceTree = "<group>";
		};
		F3720B4E1FD64973008E9CF3 /* Add Item */ = {
			isa = PBXGroup;
			children = (
				F3720B4F1FD64990008E9CF3 /* AddFormViewController.swift */,
			);
			path = "Add Item";
			sourceTree = "<group>";
		};
		F3BFC2881FCD339E00062C00 = {
			isa = PBXGroup;
			children = (
				F3BFC2931FCD339E00062C00 /* FoodTime */,
				F3BFC2921FCD339E00062C00 /* Products */,
			);
			sourceTree = "<group>";
		};
		F3BFC2921FCD339E00062C00 /* Products */ = {
			isa = PBXGroup;
			children = (
				F3BFC2911FCD339E00062C00 /* FoodTime.app */,
			);
			name = Products;
			sourceTree = "<group>";
		};
		F3BFC2931FCD339E00062C00 /* FoodTime */ = {
			isa = PBXGroup;
			children = (
				F3720B4E1FD64973008E9CF3 /* Add Item */,
				F324D63F1FD548A50093172F /* Profile */,
				F324D6381FD53AA40093172F /* Discover */,
				F324D62F1FD52EAC0093172F /* MyList */,
				F324D5F01FCEB8DD0093172F /* Login */,
				F312258E1FCE92C9005E8CA0 /* Message */,
				6B653FB51FD7A03100501D13 /* Class */,
				F312258F1FCE9889005E8CA0 /* NavigationBarViewController.swift */,
				F3BFC2961FCD339E00062C00 /* ViewController.swift */,
				F3BFC2941FCD339E00062C00 /* AppDelegate.swift */,
				F3BFC2981FCD339E00062C00 /* Main.storyboard */,
				F3BFC29E1FCD339E00062C00 /* Assets.xcassets */,
				F3BFC2A01FCD339E00062C00 /* LaunchScreen.storyboard */,
				F3BFC2A31FCD339E00062C00 /* Info.plist */,
				F3BFC29B1FCD339E00062C00 /* FoodTime.xcdatamodeld */,
			);
			path = FoodTime;
			sourceTree = "<group>";
		};
/* End PBXGroup section */

/* Begin PBXNativeTarget section */
		F3BFC2901FCD339E00062C00 /* FoodTime */ = {
			isa = PBXNativeTarget;
			buildConfigurationList = F3BFC2A61FCD339E00062C00 /* Build configuration list for PBXNativeTarget "FoodTime" */;
			buildPhases = (
				F3BFC28D1FCD339E00062C00 /* Sources */,
				F3BFC28E1FCD339E00062C00 /* Frameworks */,
				F3BFC28F1FCD339E00062C00 /* Resources */,
			);
			buildRules = (
			);
			dependencies = (
			);
			name = FoodTime;
			productName = FoodTime;
			productReference = F3BFC2911FCD339E00062C00 /* FoodTime.app */;
			productType = "com.apple.product-type.application";
		};
/* End PBXNativeTarget section */

/* Begin PBXProject section */
		F3BFC2891FCD339E00062C00 /* Project object */ = {
			isa = PBXProject;
			attributes = {
				LastSwiftUpdateCheck = 0910;
				LastUpgradeCheck = 0910;
				ORGANIZATIONNAME = binus;
				TargetAttributes = {
					F3BFC2901FCD339E00062C00 = {
						CreatedOnToolsVersion = 9.1;
						ProvisioningStyle = Automatic;
					};
				};
			};
			buildConfigurationList = F3BFC28C1FCD339E00062C00 /* Build configuration list for PBXProject "FoodTime" */;
			compatibilityVersion = "Xcode 8.0";
			developmentRegion = en;
			hasScannedForEncodings = 0;
			knownRegions = (
				en,
				Base,
			);
			mainGroup = F3BFC2881FCD339E00062C00;
			productRefGroup = F3BFC2921FCD339E00062C00 /* Products */;
			projectDirPath = "";
			projectRoot = "";
			targets = (
				F3BFC2901FCD339E00062C00 /* FoodTime */,
			);
		};
/* End PBXProject section */

/* Begin PBXResourcesBuildPhase section */
		F3BFC28F1FCD339E00062C00 /* Resources */ = {
			isa = PBXResourcesBuildPhase;
			buildActionMask = 2147483647;
			files = (
				F3BFC2A21FCD339E00062C00 /* LaunchScreen.storyboard in Resources */,
				F3BFC29F1FCD339E00062C00 /* Assets.xcassets in Resources */,
				F3BFC29A1FCD339E00062C00 /* Main.storyboard in Resources */,
			);
			runOnlyForDeploymentPostprocessing = 0;
		};
/* End PBXResourcesBuildPhase section */

/* Begin PBXSourcesBuildPhase section */
		F3BFC28D1FCD339E00062C00 /* Sources */ = {
			isa = PBXSourcesBuildPhase;
			buildActionMask = 2147483647;
			files = (
				F3720B501FD64990008E9CF3 /* AddFormViewController.swift in Sources */,
				F324D63A1FD53B0F0093172F /* DetailDiscoverViewController.swift in Sources */,
				F3BFC29D1FCD339E00062C00 /* FoodTime.xcdatamodeld in Sources */,
				F3BFC2971FCD339E00062C00 /* ViewController.swift in Sources */,
				F324D6311FD52EE80093172F /* MyListViewController.swift in Sources */,
				F3BFC2951FCD339E00062C00 /* AppDelegate.swift in Sources */,
				F324D6331FD52F120093172F /* Item.swift in Sources */,
				6B653FB71FD7A06D00501D13 /* CoreDataClass.swift in Sources */,
				F324D63E1FD53B8C0093172F /* DiscoverCollectionViewCell.swift in Sources */,
				F30B373D1FD6A2C800F94768 /* Share.swift in Sources */,
				F324D6351FD52F340093172F /* User.swift in Sources */,
				F324D6371FD52F680093172F /* HomeTableViewCell.swift in Sources */,
				F324D63C1FD53B590093172F /* DiscoverViewController.swift in Sources */,
				F324D6411FD54F920093172F /* ProfileViewController.swift in Sources */,
				F31225901FCE9889005E8CA0 /* NavigationBarViewController.swift in Sources */,
				F324D5F21FCEB8F00093172F /* LoginController.swift in Sources */,
			);
			runOnlyForDeploymentPostprocessing = 0;
		};
/* End PBXSourcesBuildPhase section */

/* Begin PBXVariantGroup section */
		F3BFC2981FCD339E00062C00 /* Main.storyboard */ = {
			isa = PBXVariantGroup;
			children = (
				F3BFC2991FCD339E00062C00 /* Base */,
			);
			name = Main.storyboard;
			sourceTree = "<group>";
		};
		F3BFC2A01FCD339E00062C00 /* LaunchScreen.storyboard */ = {
			isa = PBXVariantGroup;
			children = (
				F3BFC2A11FCD339E00062C00 /* Base */,
			);
			name = LaunchScreen.storyboard;
			sourceTree = "<group>";
		};
/* End PBXVariantGroup section */

/* Begin XCBuildConfiguration section */
		F3BFC2A41FCD339E00062C00 /* Debug */ = {
			isa = XCBuildConfiguration;
			buildSettings = {
				ALWAYS_SEARCH_USER_PATHS = NO;
				CLANG_ANALYZER_NONNULL = YES;
				CLANG_ANALYZER_NUMBER_OBJECT_CONVERSION = YES_AGGRESSIVE;
				CLANG_CXX_LANGUAGE_STANDARD = "gnu++14";
				CLANG_CXX_LIBRARY = "libc++";
				CLANG_ENABLE_MODULES = YES;
				CLANG_ENABLE_OBJC_ARC = YES;
				CLANG_WARN_BLOCK_CAPTURE_AUTORELEASING = YES;
				CLANG_WARN_BOOL_CONVERSION = YES;
				CLANG_WARN_COMMA = YES;
				CLANG_WARN_CONSTANT_CONVERSION = YES;
				CLANG_WARN_DIRECT_OBJC_ISA_USAGE = YES_ERROR;
				CLANG_WARN_DOCUMENTATION_COMMENTS = YES;
				CLANG_WARN_EMPTY_BODY = YES;
				CLANG_WARN_ENUM_CONVERSION = YES;
				CLANG_WARN_INFINITE_RECURSION = YES;
				CLANG_WARN_INT_CONVERSION = YES;
				CLANG_WARN_NON_LITERAL_NULL_CONVERSION = YES;
				CLANG_WARN_OBJC_LITERAL_CONVERSION = YES;
				CLANG_WARN_OBJC_ROOT_CLASS = YES_ERROR;
				CLANG_WARN_RANGE_LOOP_ANALYSIS = YES;
				CLANG_WARN_STRICT_PROTOTYPES = YES;
				CLANG_WARN_SUSPICIOUS_MOVE = YES;
				CLANG_WARN_UNGUARDED_AVAILABILITY = YES_AGGRESSIVE;
				CLANG_WARN_UNREACHABLE_CODE = YES;
				CLANG_WARN__DUPLICATE_METHOD_MATCH = YES;
				CODE_SIGN_IDENTITY = "iPhone Developer";
				COPY_PHASE_STRIP = NO;
				DEBUG_INFORMATION_FORMAT = dwarf;
				ENABLE_STRICT_OBJC_MSGSEND = YES;
				ENABLE_TESTABILITY = YES;
				GCC_C_LANGUAGE_STANDARD = gnu11;
				GCC_DYNAMIC_NO_PIC = NO;
				GCC_NO_COMMON_BLOCKS = YES;
				GCC_OPTIMIZATION_LEVEL = 0;
				GCC_PREPROCESSOR_DEFINITIONS = (
					"DEBUG=1",
					"$(inherited)",
				);
				GCC_WARN_64_TO_32_BIT_CONVERSION = YES;
				GCC_WARN_ABOUT_RETURN_TYPE = YES_ERROR;
				GCC_WARN_UNDECLARED_SELECTOR = YES;
				GCC_WARN_UNINITIALIZED_AUTOS = YES_AGGRESSIVE;
				GCC_WARN_UNUSED_FUNCTION = YES;
				GCC_WARN_UNUSED_VARIABLE = YES;
				IPHONEOS_DEPLOYMENT_TARGET = 11.1;
				MTL_ENABLE_DEBUG_INFO = YES;
				ONLY_ACTIVE_ARCH = YES;
				SDKROOT = iphoneos;
				SWIFT_ACTIVE_COMPILATION_CONDITIONS = DEBUG;
				SWIFT_OPTIMIZATION_LEVEL = "-Onone";
			};
			name = Debug;
		};
		F3BFC2A51FCD339E00062C00 /* Release */ = {
			isa = XCBuildConfiguration;
			buildSettings = {
				ALWAYS_SEARCH_USER_PATHS = NO;
				CLANG_ANALYZER_NONNULL = YES;
				CLANG_ANALYZER_NUMBER_OBJECT_CONVERSION = YES_AGGRESSIVE;
				CLANG_CXX_LANGUAGE_STANDARD = "gnu++14";
				CLANG_CXX_LIBRARY = "libc++";
				CLANG_ENABLE_MODULES = YES;
				CLANG_ENABLE_OBJC_ARC = YES;
				CLANG_WARN_BLOCK_CAPTURE_AUTORELEASING = YES;
				CLANG_WARN_BOOL_CONVERSION = YES;
				CLANG_WARN_COMMA = YES;
				CLANG_WARN_CONSTANT_CONVERSION = YES;
				CLANG_WARN_DIRECT_OBJC_ISA_USAGE = YES_ERROR;
				CLANG_WARN_DOCUMENTATION_COMMENTS = YES;
				CLANG_WARN_EMPTY_BODY = YES;
				CLANG_WARN_ENUM_CONVERSION = YES;
				CLANG_WARN_INFINITE_RECURSION = YES;
				CLANG_WARN_INT_CONVERSION = YES;
				CLANG_WARN_NON_LITERAL_NULL_CONVERSION = YES;
				CLANG_WARN_OBJC_LITERAL_CONVERSION = YES;
				CLANG_WARN_OBJC_ROOT_CLASS = YES_ERROR;
				CLANG_WARN_RANGE_LOOP_ANALYSIS = YES;
				CLANG_WARN_STRICT_PROTOTYPES = YES;
				CLANG_WARN_SUSPICIOUS_MOVE = YES;
				CLANG_WARN_UNGUARDED_AVAILABILITY = YES_AGGRESSIVE;
				CLANG_WARN_UNREACHABLE_CODE = YES;
				CLANG_WARN__DUPLICATE_METHOD_MATCH = YES;
				CODE_SIGN_IDENTITY = "iPhone Developer";
				COPY_PHASE_STRIP = NO;
				DEBUG_INFORMATION_FORMAT = "dwarf-with-dsym";
				ENABLE_NS_ASSERTIONS = NO;
				ENABLE_STRICT_OBJC_MSGSEND = YES;
				GCC_C_LANGUAGE_STANDARD = gnu11;
				GCC_NO_COMMON_BLOCKS = YES;
				GCC_WARN_64_TO_32_BIT_CONVERSION = YES;
				GCC_WARN_ABOUT_RETURN_TYPE = YES_ERROR;
				GCC_WARN_UNDECLARED_SELECTOR = YES;
				GCC_WARN_UNINITIALIZED_AUTOS = YES_AGGRESSIVE;
				GCC_WARN_UNUSED_FUNCTION = YES;
				GCC_WARN_UNUSED_VARIABLE = YES;
				IPHONEOS_DEPLOYMENT_TARGET = 11.1;
				MTL_ENABLE_DEBUG_INFO = NO;
				SDKROOT = iphoneos;
				SWIFT_OPTIMIZATION_LEVEL = "-Owholemodule";
				VALIDATE_PRODUCT = YES;
			};
			name = Release;
		};
		F3BFC2A71FCD339E00062C00 /* Debug */ = {
			isa = XCBuildConfiguration;
			buildSettings = {
				ASSETCATALOG_COMPILER_APPICON_NAME = AppIcon;
				CODE_SIGN_STYLE = Automatic;
				DEVELOPMENT_TEAM = DZ8GLT4E39;
				INFOPLIST_FILE = FoodTime/Info.plist;
				LD_RUNPATH_SEARCH_PATHS = "$(inherited) @executable_path/Frameworks";
				PRODUCT_BUNDLE_IDENTIFIER = edu.binus.FoodTime;
				PRODUCT_NAME = "$(TARGET_NAME)";
				SWIFT_VERSION = 4.0;
				TARGETED_DEVICE_FAMILY = "1,2";
			};
			name = Debug;
		};
		F3BFC2A81FCD339E00062C00 /* Release */ = {
			isa = XCBuildConfiguration;
			buildSettings = {
				ASSETCATALOG_COMPILER_APPICON_NAME = AppIcon;
				CODE_SIGN_STYLE = Automatic;
				DEVELOPMENT_TEAM = DZ8GLT4E39;
				INFOPLIST_FILE = FoodTime/Info.plist;
				LD_RUNPATH_SEARCH_PATHS = "$(inherited) @executable_path/Frameworks";
				PRODUCT_BUNDLE_IDENTIFIER = edu.binus.FoodTime;
				PRODUCT_NAME = "$(TARGET_NAME)";
				SWIFT_VERSION = 4.0;
				TARGETED_DEVICE_FAMILY = "1,2";
			};
			name = Release;
		};
/* End XCBuildConfiguration section */

/* Begin XCConfigurationList section */
		F3BFC28C1FCD339E00062C00 /* Build configuration list for PBXProject "FoodTime" */ = {
			isa = XCConfigurationList;
			buildConfigurations = (
				F3BFC2A41FCD339E00062C00 /* Debug */,
				F3BFC2A51FCD339E00062C00 /* Release */,
			);
			defaultConfigurationIsVisible = 0;
			defaultConfigurationName = Release;
		};
		F3BFC2A61FCD339E00062C00 /* Build configuration list for PBXNativeTarget "FoodTime" */ = {
			isa = XCConfigurationList;
			buildConfigurations = (
				F3BFC2A71FCD339E00062C00 /* Debug */,
				F3BFC2A81FCD339E00062C00 /* Release */,
			);
			defaultConfigurationIsVisible = 0;
			defaultConfigurationName = Release;
		};
/* End XCConfigurationList section */

/* Begin XCVersionGroup section */
		F3BFC29B1FCD339E00062C00 /* FoodTime.xcdatamodeld */ = {
			isa = XCVersionGroup;
			children = (
				F3BFC29C1FCD339E00062C00 /* FoodTime.xcdatamodel */,
			);
			currentVersion = F3BFC29C1FCD339E00062C00 /* FoodTime.xcdatamodel */;
			path = FoodTime.xcdatamodeld;
			sourceTree = "<group>";
			versionGroupType = wrapper.xcdatamodel;
		};
/* End XCVersionGroup section */
	};
	rootObject = F3BFC2891FCD339E00062C00 /* Project object */;
}
